// !$*UTF8*$!
{
	archiveVersion = 1;
	classes = {
	};
	objectVersion = 56;
	objects = {

/* Begin PBXBuildFile section */
		A1A1A1A1A1A1A1A1A1A1000E /* AppDelegate.swift in Sources */ = {isa = PBXBuildFile; fileRef = A1A1A1A1A1A1A1A1A1A1000D /* AppDelegate.swift */; };
		A1A1A1A1A1A1A1A1A1A10011 /* Main.storyboard in Resources */ = {isa = PBXBuildFile; fileRef = A1A1A1A1A1A1A1A1A1A10010 /* Main.storyboard */; };
		A1A1A1A1A1A1A1A1A1A10013 /* Assets.xcassets in Resources */ = {isa = PBXBuildFile; fileRef = A1A1A1A1A1A1A1A1A1A10012 /* Assets.xcassets */; };
/* End PBXBuildFile section */

/* Begin PBXFileReference section */
		A1A1A1A1A1A1A1A1A1A1000D /* AppDelegate.swift */ = {isa = PBXFileReference; lastKnownFileType = sourcecode.swift; path = AppDelegate.swift; sourceTree = "<group>"; };
		A1A1A1A1A1A1A1A1A1A1000F /* Info.plist */ = {isa = PBXFileReference; lastKnownFileType = text.plist.xml; path = Info.plist; sourceTree = "<group>"; };
		A1A1A1A1A1A1A1A1A1A10010 /* Main.storyboard */ = {isa = PBXFileReference; lastKnownFileType = file.storyboard; name = Base; path = Base.lproj/Main.storyboard; sourceTree = "<group>"; };
		A1A1A1A1A1A1A1A1A1A10012 /* Assets.xcassets */ = {isa = PBXFileReference; lastKnownFileType = folder.assetcatalog; path = Assets.xcassets; sourceTree = "<group>"; };
		A1A1A1A1A1A1A1A1A1A10014 /* Runner.app */ = {isa = PBXFileReference; explicitFileType = wrapper.application; includeInIndex = 0; path = Runner.app; sourceTree = BUILT_PRODUCTS_DIR; };
		A1A1A1A1A1A1A1A1A1A10015 /* Debug.xcconfig */ = {isa = PBXFileReference; lastKnownFileType = text.xcconfig; name = Debug.xcconfig; path = Flutter/Debug.xcconfig; sourceTree = "<group>"; };
		A1A1A1A1A1A1A1A1A1A10016 /* Release.xcconfig */ = {isa = PBXFileReference; lastKnownFileType = text.xcconfig; name = Release.xcconfig; path = Flutter/Release.xcconfig; sourceTree = "<group>"; };
		A1A1A1A1A1A1A1A1A1A10017 /* AppFrameworkInfo.plist */ = {isa = PBXFileReference; lastKnownFileType = text.plist.xml; name = AppFrameworkInfo.plist; path = Flutter/AppFrameworkInfo.plist; sourceTree = "<group>"; };
/* End PBXFileReference section */

/* Begin PBXFrameworksBuildPhase section */
		A1A1A1A1A1A1A1A1A1A1001B /* Frameworks */ = {
			isa = PBXFrameworksBuildPhase;
			buildActionMask = 2147483647;
			files = (
			);
			runOnlyForDeploymentPostprocessing = 0;
		};
/* End PBXFrameworksBuildPhase section */

/* Begin PBXGroup section */
		A1A1A1A1A1A1A1A1A1A1000A = {
			isa = PBXGroup;
			children = (
				A1A1A1A1A1A1A1A1A1A10017 /* AppFrameworkInfo.plist */,
				A1A1A1A1A1A1A1A1A1A10015 /* Debug.xcconfig */,
				A1A1A1A1A1A1A1A1A1A10016 /* Release.xcconfig */,
				A1A1A1A1A1A1A1A1A1A1000B /* Runner */,
				A1A1A1A1A1A1A1A1A1A1000C /* Products */,
			);
			sourceTree = "<group>";
		};
		A1A1A1A1A1A1A1A1A1A1000B /* Runner */ = {
			isa = PBXGroup;
			children = (
				A1A1A1A1A1A1A1A1A1A1000D /* AppDelegate.swift */,
				A1A1A1A1A1A1A1A1A1A1000F /* Info.plist */,
				A1A1A1A1A1A1A1A1A1A10010 /* Main.storyboard */,
				A1A1A1A1A1A1A1A1A1A10012 /* Assets.xcassets */,
			);
			path = Runner;
			sourceTree = "<group>";
		};
		A1A1A1A1A1A1A1A1A1A1000C /* Products */ = {
			isa = PBXGroup;
			children = (
				A1A1A1A1A1A1A1A1A1A10014 /* Runner.app */,
			);
			name = Products;
			sourceTree = "<group>";
		};
/* End PBXGroup section */

/* Begin PBXNativeTarget section */
		A1A1A1A1A1A1A1A1A1A10003 /* Runner */ = {
			isa = PBXNativeTarget;
			buildConfigurationList = A1A1A1A1A1A1A1A1A1A10005 /* Build configuration list for PBXNativeTarget "Runner" */;
			buildPhases = (
				A1A1A1A1A1A1A1A1A1A1001D /* Flutter Shell Script */,
				A1A1A1A1A1A1A1A1A1A1001A /* Sources */,
				A1A1A1A1A1A1A1A1A1A1001B /* Frameworks */,
				A1A1A1A1A1A1A1A1A1A1001C /* Resources */,
			);
			buildRules = (
			);
			dependencies = (
			);
			name = Runner;
			productName = Runner;
			productReference = A1A1A1A1A1A1A1A1A1A10014 /* Runner.app */;
			productType = "com.apple.product-type.application";
		};
/* End PBXNativeTarget section */

/* Begin PBXProject section */
		A1A1A1A1A1A1A1A1A1A10002 /* Project object */ = {
			isa = PBXProject;
			attributes = {
				LastUpgradeCheck = 1430;
				ORGANIZATIONNAME = "TCM History AI";
				TargetAttributes = {
					A1A1A1A1A1A1A1A1A1A10003 = {
						CreatedOnToolsVersion = 14.0;
						LastSwiftMigration = 1320;
					};
				};
			};
			buildConfigurationList = A1A1A1A1A1A1A1A1A1A10004 /* Build configuration list for PBXProject */;
			compatibilityVersion = "Xcode 14.0";
			developmentRegion = en;
			hasScannedForEncodings = 0;
			knownRegions = (
				en,
				Base,
			);
			mainGroup = A1A1A1A1A1A1A1A1A1A1000A;
			productRefGroup = A1A1A1A1A1A1A1A1A1A1000C /* Products */;
			projectDirPath = "";
			projectRoot = "";
			targets = (
				A1A1A1A1A1A1A1A1A1A10003 /* Runner */,
			);
		};
/* End PBXProject section */

/* Begin PBXResourcesBuildPhase section */
		A1A1A1A1A1A1A1A1A1A1001C /* Resources */ = {
			isa = PBXResourcesBuildPhase;
			buildActionMask = 2147483647;
			files = (
				A1A1A1A1A1A1A1A1A1A10011 /* Main.storyboard in Resources */,
				A1A1A1A1A1A1A1A1A1A10013 /* Assets.xcassets in Resources */,
			);
			runOnlyForDeploymentPostprocessing = 0;
		};
/* End PBXResourcesBuildPhase section */

/* Begin PBXShellScriptBuildPhase section */
		A1A1A1A1A1A1A1A1A1A1001D /* Flutter Shell Script */ = {
			isa = PBXShellScriptBuildPhase;
			alwaysOutOfDate = 1;
			buildActionMask = 2147483647;
			files = (
			);
			inputFileListPaths = (
			);
			inputPaths = (
			);
			name = "Run Flutter Build Script";
			outputFileListPaths = (
			);
			outputPaths = (
			);
			runOnlyForDeploymentPostprocessing = 0;
			shellPath = /bin/sh;
			shellScript = "\"$FLUTTER_ROOT\"/packages/flutter_tools/bin/xcode_backend.sh build\n";
		};
/* End PBXShellScriptBuildPhase section */

/* Begin PBXSourcesBuildPhase section */
		A1A1A1A1A1A1A1A1A1A1001A /* Sources */ = {
			isa = PBXSourcesBuildPhase;
			buildActionMask = 2147483647;
			files = (
				A1A1A1A1A1A1A1A1A1A1000E /* AppDelegate.swift in Sources */,
			);
			runOnlyForDeploymentPostprocessing = 0;
		};
/* End PBXSourcesBuildPhase section */

/* Begin XCBuildConfiguration section */
		A1A1A1A1A1A1A1A1A1A10006 /* Debug */ = {
			isa = XCBuildConfiguration;
			buildSettings = {
				ALWAYS_SEARCH_USER_PATHS = NO;
				CLANG_ANALYZER_NONNULL = YES;
				CLANG_ANALYZER_NUMBER_OBJECT_CONVERSION = YES_AGGRESSIVE;
				CLANG_CXX_LANGUAGE_STANDARD = "gnu++20";
				CLANG_ENABLE_MODULES = YES;
				CLANG_ENABLE_OBJC_ARC = YES;
				CLANG_WARN_BLOCK_CAPTURE_AUTORELEASING = YES;
				CLANG_WARN_BOOL_CONVERSION = YES;
				CLANG_WARN_COMMA = YES;
				CLANG_WARN_CONSTANT_CONVERSION = YES;
				CLANG_WARN_DEPRECATED_OBJC_IMPLEMENTATIONS = YES;
				CLANG_WARN_DIRECT_OBJC_ISA_USAGE = YES_ERROR;
				CLANG_WARN_EMPTY_BODY = YES;
				CLANG_WARN_ENUM_CONVERSION = YES;
				CLANG_WARN_INFINITE_RECURSION = YES;
				CLANG_WARN_INT_CONVERSION = YES;
				CLANG_WARN_NON_LITERAL_NULL_CONVERSION = YES;
				CLANG_WARN_OBJC_IMPLICIT_RETAIN_SELF = YES;
				CLANG_WARN_OBJC_LITERAL_CONVERSION = YES;
				CLANG_WARN_OBJC_ROOT_CLASS = YES_ERROR;
				CLANG_WARN_QUOTED_INCLUDE_IN_FRAMEWORK_HEADER = YES;
				CLANG_WARN_RANGE_LOOP_ANALYSIS = YES;
				CLANG_WARN_STRICT_PROTOTYPES = YES;
				CLANG_WARN_SUSPICIOUS_MOVE = YES;
				CLANG_WARN_UNREACHABLE_CODE = YES;
				CLANG_WARN__DUPLICATE_METHOD_MATCH = YES;
				COPY_PHASE_STRIP = NO;
				DEBUG_INFORMATION_FORMAT = dwarf;
				ENABLE_STRICT_OBJC_MSGSEND = YES;
				ENABLE_TESTABILITY = YES;
				ENABLE_USER_SCRIPT_SANDBOXING = NO;
				GCC_C_LANGUAGE_STANDARD = gnu11;
				GCC_DYNAMIC_NO_PIC = NO;
				GCC_NO_COMMON_BLOCKS = YES;
				GCC_OPTIMIZATION_LEVEL = 0;
				GCC_PREPROCESSOR_DEFINITIONS = (
					"DEBUG=1",
					"$(inherited)",
				);
				GCC_WARN_64_TO_32_BIT_CONVERSION = YES;
				GCC_WARN_ABOUT_RETURN_TYPE = YES_ERROR;
				GCC_WARN_UNDECLARED_SELECTOR = YES;
				GCC_WARN_UNINITIALIZED_AUTOS = YES_AGGRESSIVE;
				GCC_WARN_UNUSED_FUNCTION = YES;
				GCC_WARN_UNUSED_VARIABLE = YES;
				IPHONEOS_DEPLOYMENT_TARGET = 12.0;
				MTL_ENABLE_DEBUG_INFO = INCLUDE_SOURCE;
				MTL_FAST_MATH = YES;
				ONLY_ACTIVE_ARCH = YES;
				SDKROOT = iphoneos;
			};
			name = Debug;
		};
		A1A1A1A1A1A1A1A1A1A10007 /* Release */ = {
			isa = XCBuildConfiguration;
			buildSettings = {
				ALWAYS_SEARCH_USER_PATHS = NO;
				CLANG_ANALYZER_NONNULL = YES;
				CLANG_ANALYZER_NUMBER_OBJECT_CONVERSION = YES_AGGRESSIVE;
				CLANG_CXX_LANGUAGE_STANDARD = "gnu++20";
				CLANG_ENABLE_MODULES = YES;
				CLANG_ENABLE_OBJC_ARC = YES;
				CLANG_WARN_BLOCK_CAPTURE_AUTORELEASING = YES;
				CLANG_WARN_BOOL_CONVERSION = YES;
				CLANG_WARN_COMMA = YES;
				CLANG_WARN_CONSTANT_CONVERSION = YES;
				CLANG_WARN_DEPRECATED_OBJC_IMPLEMENTATIONS = YES;
				CLANG_WARN_DIRECT_OBJC_ISA_USAGE = YES_ERROR;
				CLANG_WARN_EMPTY_BODY = YES;
				CLANG_WARN_ENUM_CONVERSION = YES;
				CLANG_WARN_INFINITE_RECURSION = YES;
				CLANG_WARN_INT_CONVERSION = YES;
				CLANG_WARN_NON_LITERAL_NULL_CONVERSION = YES;
				CLANG_WARN_OBJC_IMPLICIT_RETAIN_SELF = YES;
				CLANG_WARN_OBJC_LITERAL_CONVERSION = YES;
				CLANG_WARN_OBJC_ROOT_CLASS = YES_ERROR;
				CLANG_WARN_QUOTED_INCLUDE_IN_FRAMEWORK_HEADER = YES;
				CLANG_WARN_RANGE_LOOP_ANALYSIS = YES;
				CLANG_WARN_STRICT_PROTOTYPES = YES;
				CLANG_WARN_SUSPICIOUS_MOVE = YES;
				CLANG_WARN_UNREACHABLE_CODE = YES;
				CLANG_WARN__DUPLICATE_METHOD_MATCH = YES;
				COPY_PHASE_STRIP = NO;
				DEBUG_INFORMATION_FORMAT = "dwarf-with-dsym";
				ENABLE_NS_ASSERTIONS = NO;
				ENABLE_STRICT_OBJC_MSGSEND = YES;
				ENABLE_USER_SCRIPT_SANDBOXING = NO;
				GCC_C_LANGUAGE_STANDARD = gnu11;
				GCC_NO_COMMON_BLOCKS = YES;
				GCC_WARN_64_TO_32_BIT_CONVERSION = YES;
				GCC_WARN_ABOUT_RETURN_TYPE = YES_ERROR;
				GCC_WARN_UNDECLARED_SELECTOR = YES;
				GCC_WARN_UNINITIALIZED_AUTOS = YES_AGGRESSIVE;
				GCC_WARN_UNUSED_FUNCTION = YES;
				GCC_WARN_UNUSED_VARIABLE = YES;
				IPHONEOS_DEPLOYMENT_TARGET = 12.0;
				MTL_ENABLE_DEBUG_INFO = NO;
				MTL_FAST_MATH = YES;
				SDKROOT = iphoneos;
				VALIDATE_PRODUCT = YES;
			};
			name = Release;
		};
		A1A1A1A1A1A1A1A1A1A10008 /* Debug */ = {
			isa = XCBuildConfiguration;
			baseConfigurationReference = A1A1A1A1A1A1A1A1A1A10015 /* Debug.xcconfig */;
			buildSettings = {
				ASSETCATALOG_COMPILER_APPICON_NAME = AppIcon;
				ASSETCATALOG_COMPILER_GLOBAL_ACCENT_COLOR_NAME = AccentColor;
				CLANG_ENABLE_MODULES = YES;
				CODE_SIGN_STYLE = Automatic;
				CURRENT_PROJECT_VERSION = "$(FLUTTER_BUILD_NUMBER)";
				DEVELOPMENT_TEAM = "";
				ENABLE_BITCODE = NO;
				FRAMEWORK_SEARCH_PATHS = (
					"$(inherited)",
					"$(PROJECT_DIR)/Flutter",
				);
				INFOPLIST_FILE = Runner/Info.plist;
				IPHONEOS_DEPLOYMENT_TARGET = 12.0;
				LD_RUNPATH_SEARCH_PATHS = (
					"$(inherited)",
					"@executable_path/Frameworks",
				);
				PRODUCT_BUNDLE_IDENTIFIER = com.tcmhistory.tcmHistoryAi;
				PRODUCT_NAME = "$(TARGET_NAME)";
				SWIFT_VERSION = 5.0;
				TARGETED_DEVICE_FAMILY = "1,2";
				VERSIONING_SYSTEM = "apple-generic";
			};
			name = Debug;
		};
		A1A1A1A1A1A1A1A1A1A10009 /* Release */ = {
			isa = XCBuildConfiguration;
			baseConfigurationReference = A1A1A1A1A1A1A1A1A1A10016 /* Release.xcconfig */;
			buildSettings = {
				ASSETCATALOG_COMPILER_APPICON_NAME = AppIcon;
				ASSETCATALOG_COMPILER_GLOBAL_ACCENT_COLOR_NAME = AccentColor;
				CLANG_ENABLE_MODULES = YES;
				CODE_SIGN_STYLE = Automatic;
				CURRENT_PROJECT_VERSION = "$(FLUTTER_BUILD_NUMBER)";
				DEVELOPMENT_TEAM = "";
				ENABLE_BITCODE = NO;
				FRAMEWORK_SEARCH_PATHS = (
					"$(inherited)",
					"$(PROJECT_DIR)/Flutter",
				);
				INFOPLIST_FILE = Runner/Info.plist;
				IPHONEOS_DEPLOYMENT_TARGET = 12.0;
				LD_RUNPATH_SEARCH_PATHS = (
					"$(inherited)",
					"@executable_path/Frameworks",
				);
				PRODUCT_BUNDLE_IDENTIFIER = com.tcmhistory.tcmHistoryAi;
				PRODUCT_NAME = "$(TARGET_NAME)";
				SWIFT_VERSION = 5.0;
				TARGETED_DEVICE_FAMILY = "1,2";
				VERSIONING_SYSTEM = "apple-generic";
			};
			name = Release;
		};
/* End XCBuildConfiguration section */

/* Begin XCConfigurationList section */
		A1A1A1A1A1A1A1A1A1A10004 /* Build configuration list for PBXProject */ = {
			isa = XCConfigurationList;
			buildConfigurations = (
				A1A1A1A1A1A1A1A1A1A10006 /* Debug */,
				A1A1A1A1A1A1A1A1A1A10007 /* Release */,
			);
			defaultConfigurationIsVisible = 0;
			defaultConfigurationName = Release;
		};
		A1A1A1A1A1A1A1A1A1A10005 /* Build configuration list for PBXNativeTarget "Runner" */ = {
			isa = XCConfigurationList;
			buildConfigurations = (
				A1A1A1A1A1A1A1A1A1A10008 /* Debug */,
				A1A1A1A1A1A1A1A1A1A10009 /* Release */,
			);
			defaultConfigurationIsVisible = 0;
			defaultConfigurationName = Release;
		};
/* End XCConfigurationList section */
	};
	rootObject = A1A1A1A1A1A1A1A1A1A10002 /* Project object */;
}
